
Microsoft Visual Studio Solution File, Format Version 12.00
# Visual Studio 15
VisualStudioVersion = 15.0.28010.2016
MinimumVisualStudioVersion = 10.0.40219.1
Project("{FAE04EC0-301F-11D3-BF4B-00C04F79EFBC}") = "LibraryWebApp-SungjinYoon", "LibraryWebApp-SungjinYoon\LibraryWebApp-SungjinYoon.csproj", "{A1DB5885-D4E9-49B1-960F-117BE6BCFD8D}"
EndProject
Project("{FAE04EC0-301F-11D3-BF4B-00C04F79EFBC}") = "DBLib", "DBLib\DBLib.csproj", "{A8344147-22D4-4D91-8FDD-59C070CFD543}"
EndProject
Global
	GlobalSection(SolutionConfigurationPlatforms) = preSolution
		Debug|Any CPU = Debug|Any CPU
		Release|Any CPU = Release|Any CPU
	EndGlobalSection
	GlobalSection(ProjectConfigurationPlatforms) = postSolution
		{A1DB5885-D4E9-49B1-960F-117BE6BCFD8D}.Debug|Any CPU.ActiveCfg = Debug|Any CPU
		{A1DB5885-D4E9-49B1-960F-117BE6BCFD8D}.Debug|Any CPU.Build.0 = Debug|Any CPU
		{A1DB5885-D4E9-49B1-960F-117BE6BCFD8D}.Release|Any CPU.ActiveCfg = Release|Any CPU
		{A1DB5885-D4E9-49B1-960F-117BE6BCFD8D}.Release|Any CPU.Build.0 = Release|Any CPU
		{A8344147-22D4-4D91-8FDD-59C070CFD543}.Debug|Any CPU.ActiveCfg = Debug|Any CPU
		{A8344147-22D4-4D91-8FDD-59C070CFD543}.Debug|Any CPU.Build.0 = Debug|Any CPU
		{A8344147-22D4-4D91-8FDD-59C070CFD543}.Release|Any CPU.ActiveCfg = Release|Any CPU
		{A8344147-22D4-4D91-8FDD-59C070CFD543}.Release|Any CPU.Build.0 = Release|Any CPU
	EndGlobalSection
	GlobalSection(SolutionProperties) = preSolution
		HideSolutionNode = FALSE
	EndGlobalSection
	GlobalSection(ExtensibilityGlobals) = postSolution
		SolutionGuid = {48151220-7CC0-459A-96CD-7CC3D06F973F}
	EndGlobalSection
EndGlobal
